
Microsoft Visual Studio Solution File, Format Version 12.00
# Visual Studio Version 16
VisualStudioVersion = 16.0.31829.152
MinimumVisualStudioVersion = 10.0.40219.1
Project("{FAE04EC0-301F-11D3-BF4B-00C04F79EFBC}") = "MCD_LinqOrnek", "MCD_LinqOrnek\MCD_LinqOrnek.csproj", "{CE534145-7F6D-4024-BC50-7D6D01D909E3}"
EndProject
Global
	GlobalSection(SolutionConfigurationPlatforms) = preSolution
		Debug|Any CPU = Debug|Any CPU
		Release|Any CPU = Release|Any CPU
	EndGlobalSection
	GlobalSection(ProjectConfigurationPlatforms) = postSolution
		{CE534145-7F6D-4024-BC50-7D6D01D909E3}.Debug|Any CPU.ActiveCfg = Debug|Any CPU
		{CE534145-7F6D-4024-BC50-7D6D01D909E3}.Debug|Any CPU.Build.0 = Debug|Any CPU
		{CE534145-7F6D-4024-BC50-7D6D01D909E3}.Release|Any CPU.ActiveCfg = Release|Any CPU
		{CE534145-7F6D-4024-BC50-7D6D01D909E3}.Release|Any CPU.Build.0 = Release|Any CPU
	EndGlobalSection
	GlobalSection(SolutionProperties) = preSolution
		HideSolutionNode = FALSE
	EndGlobalSection
	GlobalSection(ExtensibilityGlobals) = postSolution
		SolutionGuid = {22E2487D-D9F3-49A5-A22F-4C78FC34167E}
	EndGlobalSection
EndGlobal
